
Microsoft Visual Studio Solution File, Format Version 12.00
# Visual Studio Version 17
VisualStudioVersion = 17.7.34031.279
MinimumVisualStudioVersion = 10.0.40219.1
Project("{9A19103F-16F7-4668-BE54-9A1E7A4F7556}") = "BlazorServerTutorial", "BlazorServerTutorial\BlazorServerTutorial.csproj", "{F3F033D9-A972-4FB2-8F26-960C10315014}"
EndProject
Project("{9A19103F-16F7-4668-BE54-9A1E7A4F7556}") = "BlazorWebAssemblyTutorial", "BlazorWebAssemblyTutorial\BlazorWebAssemblyTutorial.csproj", "{D2B92DC0-27E5-4F0B-8BAD-31239AB68684}"
EndProject
Global
	GlobalSection(SolutionConfigurationPlatforms) = preSolution
		Debug|Any CPU = Debug|Any CPU
		Release|Any CPU = Release|Any CPU
	EndGlobalSection
	GlobalSection(ProjectConfigurationPlatforms) = postSolution
		{F3F033D9-A972-4FB2-8F26-960C10315014}.Debug|Any CPU.ActiveCfg = Debug|Any CPU
		{F3F033D9-A972-4FB2-8F26-960C10315014}.Debug|Any CPU.Build.0 = Debug|Any CPU
		{F3F033D9-A972-4FB2-8F26-960C10315014}.Release|Any CPU.ActiveCfg = Release|Any CPU
		{F3F033D9-A972-4FB2-8F26-960C10315014}.Release|Any CPU.Build.0 = Release|Any CPU
		{D2B92DC0-27E5-4F0B-8BAD-31239AB68684}.Debug|Any CPU.ActiveCfg = Debug|Any CPU
		{D2B92DC0-27E5-4F0B-8BAD-31239AB68684}.Debug|Any CPU.Build.0 = Debug|Any CPU
		{D2B92DC0-27E5-4F0B-8BAD-31239AB68684}.Release|Any CPU.ActiveCfg = Release|Any CPU
		{D2B92DC0-27E5-4F0B-8BAD-31239AB68684}.Release|Any CPU.Build.0 = Release|Any CPU
	EndGlobalSection
	GlobalSection(SolutionProperties) = preSolution
		HideSolutionNode = FALSE
	EndGlobalSection
	GlobalSection(ExtensibilityGlobals) = postSolution
		SolutionGuid = {F1B2F4B3-79E5-4C1A-8CD0-66D453D19F7B}
	EndGlobalSection
EndGlobal
